
Microsoft Visual Studio Solution File, Format Version 12.00
# Visual Studio 15
VisualStudioVersion = 15.0.28307.421
MinimumVisualStudioVersion = 10.0.40219.1
Project("{FAE04EC0-301F-11D3-BF4B-00C04F79EFBC}") = "Registration_System_Claridge", "Registration_System_Claridge\Registration_System_Claridge.csproj", "{211DDBBD-5445-4434-B984-2340C8891035}"
EndProject
Global
	GlobalSection(SolutionConfigurationPlatforms) = preSolution
		Debug|Any CPU = Debug|Any CPU
		Release|Any CPU = Release|Any CPU
	EndGlobalSection
	GlobalSection(ProjectConfigurationPlatforms) = postSolution
		{211DDBBD-5445-4434-B984-2340C8891035}.Debug|Any CPU.ActiveCfg = Debug|Any CPU
		{211DDBBD-5445-4434-B984-2340C8891035}.Debug|Any CPU.Build.0 = Debug|Any CPU
		{211DDBBD-5445-4434-B984-2340C8891035}.Release|Any CPU.ActiveCfg = Release|Any CPU
		{211DDBBD-5445-4434-B984-2340C8891035}.Release|Any CPU.Build.0 = Release|Any CPU
	EndGlobalSection
	GlobalSection(SolutionProperties) = preSolution
		HideSolutionNode = FALSE
	EndGlobalSection
	GlobalSection(ExtensibilityGlobals) = postSolution
		SolutionGuid = {8C7C1F79-61AC-4937-9809-75DDA4FB4F7C}
	EndGlobalSection
EndGlobal
